PODS:
  - Cuckoo (1.1.1)
  - R.swift (5.0.3):
    - R.swift.Library (~> 5.0.0)
  - R.swift.Library (5.0.1)
  - RxBlocking (5.0.0):
    - RxSwift (~> 5)
  - RxCocoa (5.0.0):
    - RxRelay (~> 5)
    - RxSwift (~> 5)
  - RxRelay (5.0.0):
    - RxSwift (~> 5)
  - RxSwift (5.0.0)
  - RxTest (5.0.0):
    - RxSwift (~> 5)
  - SwiftLint (0.34.0)
  - Swinject (2.6.2)

DEPENDENCIES:
  - Cuckoo (from `https://github.com/Brightify/Cuckoo`, branch `master`)
  - R.swift
  - RxBlocking (~> 5)
  - RxCocoa (~> 5)
  - RxRelay (~> 5)
  - RxSwift (~> 5)
  - RxTest (~> 5)
  - SwiftLint (= 0.34.0)
  - Swinject (~> 2.6.0)

SPEC REPOS:
  https://github.com/cocoapods/specs.git:
    - R.swift
    - R.swift.Library
    - RxBlocking
    - RxCocoa
    - RxRelay
    - RxSwift
    - RxTest
    - SwiftLint
    - Swinject

EXTERNAL SOURCES:
  Cuckoo:
    :branch: master
    :git: https://github.com/Brightify/Cuckoo

CHECKOUT OPTIONS:
  Cuckoo:
    :commit: 4e8abcace669ea841344f7647fe7a95916d976f6
    :git: https://github.com/Brightify/Cuckoo

SPEC CHECKSUMS:
  Cuckoo: 97d0ac8fb66248792c3cf8cb3970074b9d93952f
  R.swift: f5a87643b91ea569d23d6afb3eee9c743edde239
  R.swift.Library: cfe85d569d9bae6cb262922db130e7c3a7a5fad1
  RxBlocking: c67185d26498ea3cbe3e121917c3c16739e43123
  RxCocoa: fcf32050ac00d801f34a7f71d5e8e7f23026dcd8
  RxRelay: 4f7409406a51a55cd88483f21ed898c234d60f18
  RxSwift: 8b0671caa829a763bbce7271095859121cbd895f
  RxTest: 4349afe98f564e0a9bc19063368904622d17d49a
  SwiftLint: 79d48a17c6565dc286c37efb8322c7b450f95c67
  Swinject: cf7458774b1b00323080a9c67e47a1ee7f9d2af1

PODFILE CHECKSUM: ae5a949d252ae2b351b33849d2b301ca2a9d25f0

COCOAPODS: 1.7.2
